
Microsoft Visual Studio Solution File, Format Version 12.00
# Visual Studio Version 17
VisualStudioVersion = 17.0.31912.275
MinimumVisualStudioVersion = 10.0.40219.1
Project("{9A19103F-16F7-4668-BE54-9A1E7A4F7556}") = "PbFileTools", "PbFileTools.csproj", "{B86FAFEC-D1DE-4651-8645-E5295BDC94A4}"
EndProject
Global
	GlobalSection(SolutionConfigurationPlatforms) = preSolution
		Debug|Any CPU = Debug|Any CPU
		Release|Any CPU = Release|Any CPU
	EndGlobalSection
	GlobalSection(ProjectConfigurationPlatforms) = postSolution
		{B86FAFEC-D1DE-4651-8645-E5295BDC94A4}.Debug|Any CPU.ActiveCfg = Debug|Any CPU
		{B86FAFEC-D1DE-4651-8645-E5295BDC94A4}.Debug|Any CPU.Build.0 = Debug|Any CPU
		{B86FAFEC-D1DE-4651-8645-E5295BDC94A4}.Release|Any CPU.ActiveCfg = Release|Any CPU
		{B86FAFEC-D1DE-4651-8645-E5295BDC94A4}.Release|Any CPU.Build.0 = Release|Any CPU
	EndGlobalSection
	GlobalSection(SolutionProperties) = preSolution
		HideSolutionNode = FALSE
	EndGlobalSection
	GlobalSection(ExtensibilityGlobals) = postSolution
		SolutionGuid = {A38C60F0-2CA5-4F5F-9DF4-2E345205F971}
	EndGlobalSection
EndGlobal
